// !$*UTF8*$!
{
	archiveVersion = 1;
	classes = {
	};
	objectVersion = 55;
	objects = {

/* Begin PBXBuildFile section */
		3C237D0728BF986300413E4F /* MyLearningApp.swift in Sources */ = {isa = PBXBuildFile; fileRef = 3C237D0628BF986300413E4F /* MyLearningApp.swift */; };
		3C237D0928BF986300413E4F /* HomeView.swift in Sources */ = {isa = PBXBuildFile; fileRef = 3C237D0828BF986300413E4F /* HomeView.swift */; };
		3C237D0B28BF986400413E4F /* Assets.xcassets in Resources */ = {isa = PBXBuildFile; fileRef = 3C237D0A28BF986400413E4F /* Assets.xcassets */; };
		3C237D0E28BF986400413E4F /* Preview Assets.xcassets in Resources */ = {isa = PBXBuildFile; fileRef = 3C237D0D28BF986400413E4F /* Preview Assets.xcassets */; };
		3C237D1A28BF9A5200413E4F /* ContentModel.swift in Sources */ = {isa = PBXBuildFile; fileRef = 3C237D1928BF9A5200413E4F /* ContentModel.swift */; };
		3C4057C528C77EF800A687D9 /* ContentDetailView.swift in Sources */ = {isa = PBXBuildFile; fileRef = 3C4057C428C77EF800A687D9 /* ContentDetailView.swift */; };
		3C4057C928C7AC3C00A687D9 /* AVKit.framework in Frameworks */ = {isa = PBXBuildFile; fileRef = 3C4057C828C7AC3C00A687D9 /* AVKit.framework */; };
		3C4057CB28C7AD6900A687D9 /* Constants.swift in Sources */ = {isa = PBXBuildFile; fileRef = 3C4057CA28C7AD6900A687D9 /* Constants.swift */; };
		3C53807428BFDA3400000055 /* style.html in Resources */ = {isa = PBXBuildFile; fileRef = 3C53807228BFDA3400000055 /* style.html */; };
		3C53807528BFDA3400000055 /* data.json in Resources */ = {isa = PBXBuildFile; fileRef = 3C53807328BFDA3400000055 /* data.json */; };
		3C5EC75928C4FD7800F9198B /* ContentView.swift in Sources */ = {isa = PBXBuildFile; fileRef = 3C5EC75828C4FD7800F9198B /* ContentView.swift */; };
		3C5EC75B28C52F3A00F9198B /* ContentViewRow.swift in Sources */ = {isa = PBXBuildFile; fileRef = 3C5EC75A28C52F3A00F9198B /* ContentViewRow.swift */; };
		3CD22AF228C37FEE00C0FA6F /* HomeViewRow.swift in Sources */ = {isa = PBXBuildFile; fileRef = 3CD22AF128C37FEE00C0FA6F /* HomeViewRow.swift */; };
		3CD22AF528C3876400C0FA6F /* Helpers.swift in Sources */ = {isa = PBXBuildFile; fileRef = 3CD22AF428C3876400C0FA6F /* Helpers.swift */; };
		3CF34F6528C1292400BDF446 /* Models.swift in Sources */ = {isa = PBXBuildFile; fileRef = 3CF34F6428C1292400BDF446 /* Models.swift */; };
/* End PBXBuildFile section */

/* Begin PBXFileReference section */
		3C237D0328BF986300413E4F /* MyLearning App.app */ = {isa = PBXFileReference; explicitFileType = wrapper.application; includeInIndex = 0; path = "MyLearning App.app"; sourceTree = BUILT_PRODUCTS_DIR; };
		3C237D0628BF986300413E4F /* MyLearningApp.swift */ = {isa = PBXFileReference; lastKnownFileType = sourcecode.swift; path = MyLearningApp.swift; sourceTree = "<group>"; };
		3C237D0828BF986300413E4F /* HomeView.swift */ = {isa = PBXFileReference; lastKnownFileType = sourcecode.swift; path = HomeView.swift; sourceTree = "<group>"; };
		3C237D0A28BF986400413E4F /* Assets.xcassets */ = {isa = PBXFileReference; lastKnownFileType = folder.assetcatalog; path = Assets.xcassets; sourceTree = "<group>"; };
		3C237D0D28BF986400413E4F /* Preview Assets.xcassets */ = {isa = PBXFileReference; lastKnownFileType = folder.assetcatalog; path = "Preview Assets.xcassets"; sourceTree = "<group>"; };
		3C237D1928BF9A5200413E4F /* ContentModel.swift */ = {isa = PBXFileReference; lastKnownFileType = sourcecode.swift; path = ContentModel.swift; sourceTree = "<group>"; };
		3C4057C428C77EF800A687D9 /* ContentDetailView.swift */ = {isa = PBXFileReference; lastKnownFileType = sourcecode.swift; path = ContentDetailView.swift; sourceTree = "<group>"; };
		3C4057C628C7AC0000A687D9 /* MyLearning-App-Info.plist */ = {isa = PBXFileReference; lastKnownFileType = text.plist; path = "MyLearning-App-Info.plist"; sourceTree = SOURCE_ROOT; };
		3C4057C828C7AC3C00A687D9 /* AVKit.framework */ = {isa = PBXFileReference; lastKnownFileType = wrapper.framework; name = AVKit.framework; path = System/Library/Frameworks/AVKit.framework; sourceTree = SDKROOT; };
		3C4057CA28C7AD6900A687D9 /* Constants.swift */ = {isa = PBXFileReference; lastKnownFileType = sourcecode.swift; path = Constants.swift; sourceTree = "<group>"; };
		3C53807228BFDA3400000055 /* style.html */ = {isa = PBXFileReference; fileEncoding = 4; lastKnownFileType = text.html; path = style.html; sourceTree = "<group>"; };
		3C53807328BFDA3400000055 /* data.json */ = {isa = PBXFileReference; fileEncoding = 4; lastKnownFileType = text.json; path = data.json; sourceTree = "<group>"; };
		3C5EC75828C4FD7800F9198B /* ContentView.swift */ = {isa = PBXFileReference; lastKnownFileType = sourcecode.swift; path = ContentView.swift; sourceTree = "<group>"; };
		3C5EC75A28C52F3A00F9198B /* ContentViewRow.swift */ = {isa = PBXFileReference; lastKnownFileType = sourcecode.swift; path = ContentViewRow.swift; sourceTree = "<group>"; };
		3CD22AF128C37FEE00C0FA6F /* HomeViewRow.swift */ = {isa = PBXFileReference; lastKnownFileType = sourcecode.swift; path = HomeViewRow.swift; sourceTree = "<group>"; };
		3CD22AF428C3876400C0FA6F /* Helpers.swift */ = {isa = PBXFileReference; lastKnownFileType = sourcecode.swift; path = Helpers.swift; sourceTree = "<group>"; };
		3CF34F6428C1292400BDF446 /* Models.swift */ = {isa = PBXFileReference; lastKnownFileType = sourcecode.swift; path = Models.swift; sourceTree = "<group>"; };
/* End PBXFileReference section */

/* Begin PBXFrameworksBuildPhase section */
		3C237D0028BF986300413E4F /* Frameworks */ = {
			isa = PBXFrameworksBuildPhase;
			buildActionMask = 2147483647;
			files = (
				3C4057C928C7AC3C00A687D9 /* AVKit.framework in Frameworks */,
			);
			runOnlyForDeploymentPostprocessing = 0;
		};
/* End PBXFrameworksBuildPhase section */

/* Begin PBXGroup section */
		3C237CFA28BF986300413E4F = {
			isa = PBXGroup;
			children = (
				3C237D0528BF986300413E4F /* MyLearning App */,
				3C237D0428BF986300413E4F /* Products */,
				3C4057C728C7AC3C00A687D9 /* Frameworks */,
			);
			sourceTree = "<group>";
		};
		3C237D0428BF986300413E4F /* Products */ = {
			isa = PBXGroup;
			children = (
				3C237D0328BF986300413E4F /* MyLearning App.app */,
			);
			name = Products;
			sourceTree = "<group>";
		};
		3C237D0528BF986300413E4F /* MyLearning App */ = {
			isa = PBXGroup;
			children = (
				3C4057C628C7AC0000A687D9 /* MyLearning-App-Info.plist */,
				3C237D0628BF986300413E4F /* MyLearningApp.swift */,
				3C237D1428BF996C00413E4F /* Views */,
				3C237D1528BF997500413E4F /* ViewModels */,
				3CF34F6328C128FF00BDF446 /* Models */,
				3C237D1728BF999600413E4F /* Resources */,
				3CD22AF328C3874500C0FA6F /* Helpers */,
				3C237D0A28BF986400413E4F /* Assets.xcassets */,
				3C237D0C28BF986400413E4F /* Preview Content */,
			);
			path = "MyLearning App";
			sourceTree = "<group>";
		};
		3C237D0C28BF986400413E4F /* Preview Content */ = {
			isa = PBXGroup;
			children = (
				3C237D0D28BF986400413E4F /* Preview Assets.xcassets */,
			);
			path = "Preview Content";
			sourceTree = "<group>";
		};
		3C237D1428BF996C00413E4F /* Views */ = {
			isa = PBXGroup;
			children = (
				3C237D0828BF986300413E4F /* HomeView.swift */,
				3CD22AF128C37FEE00C0FA6F /* HomeViewRow.swift */,
				3C5EC75828C4FD7800F9198B /* ContentView.swift */,
				3C5EC75A28C52F3A00F9198B /* ContentViewRow.swift */,
				3C4057C428C77EF800A687D9 /* ContentDetailView.swift */,
			);
			path = Views;
			sourceTree = "<group>";
		};
		3C237D1528BF997500413E4F /* ViewModels */ = {
			isa = PBXGroup;
			children = (
				3C237D1928BF9A5200413E4F /* ContentModel.swift */,
			);
			path = ViewModels;
			sourceTree = "<group>";
		};
		3C237D1728BF999600413E4F /* Resources */ = {
			isa = PBXGroup;
			children = (
				3C53807328BFDA3400000055 /* data.json */,
				3C53807228BFDA3400000055 /* style.html */,
				3C4057CA28C7AD6900A687D9 /* Constants.swift */,
			);
			path = Resources;
			sourceTree = "<group>";
		};
		3C4057C728C7AC3C00A687D9 /* Frameworks */ = {
			isa = PBXGroup;
			children = (
				3C4057C828C7AC3C00A687D9 /* AVKit.framework */,
			);
			name = Frameworks;
			sourceTree = "<group>";
		};
		3CD22AF328C3874500C0FA6F /* Helpers */ = {
			isa = PBXGroup;
			children = (
				3CD22AF428C3876400C0FA6F /* Helpers.swift */,
			);
			path = Helpers;
			sourceTree = "<group>";
		};
		3CF34F6328C128FF00BDF446 /* Models */ = {
			isa = PBXGroup;
			children = (
				3CF34F6428C1292400BDF446 /* Models.swift */,
			);
			path = Models;
			sourceTree = "<group>";
		};
/* End PBXGroup section */

/* Begin PBXNativeTarget section */
		3C237D0228BF986300413E4F /* MyLearning App */ = {
			isa = PBXNativeTarget;
			buildConfigurationList = 3C237D1128BF986400413E4F /* Build configuration list for PBXNativeTarget "MyLearning App" */;
			buildPhases = (
				3C237CFF28BF986300413E4F /* Sources */,
				3C237D0028BF986300413E4F /* Frameworks */,
				3C237D0128BF986300413E4F /* Resources */,
			);
			buildRules = (
			);
			dependencies = (
			);
			name = "MyLearning App";
			productName = "MyLearning App";
			productReference = 3C237D0328BF986300413E4F /* MyLearning App.app */;
			productType = "com.apple.product-type.application";
		};
/* End PBXNativeTarget section */

/* Begin PBXProject section */
		3C237CFB28BF986300413E4F /* Project object */ = {
			isa = PBXProject;
			attributes = {
				BuildIndependentTargetsInParallel = 1;
				LastSwiftUpdateCheck = 1330;
				LastUpgradeCheck = 1330;
				TargetAttributes = {
					3C237D0228BF986300413E4F = {
						CreatedOnToolsVersion = 13.3.1;
					};
				};
			};
			buildConfigurationList = 3C237CFE28BF986300413E4F /* Build configuration list for PBXProject "MyLearning App" */;
			compatibilityVersion = "Xcode 13.0";
			developmentRegion = en;
			hasScannedForEncodings = 0;
			knownRegions = (
				en,
				Base,
			);
			mainGroup = 3C237CFA28BF986300413E4F;
			productRefGroup = 3C237D0428BF986300413E4F /* Products */;
			projectDirPath = "";
			projectRoot = "";
			targets = (
				3C237D0228BF986300413E4F /* MyLearning App */,
			);
		};
/* End PBXProject section */

/* Begin PBXResourcesBuildPhase section */
		3C237D0128BF986300413E4F /* Resources */ = {
			isa = PBXResourcesBuildPhase;
			buildActionMask = 2147483647;
			files = (
				3C53807428BFDA3400000055 /* style.html in Resources */,
				3C237D0E28BF986400413E4F /* Preview Assets.xcassets in Resources */,
				3C237D0B28BF986400413E4F /* Assets.xcassets in Resources */,
				3C53807528BFDA3400000055 /* data.json in Resources */,
			);
			runOnlyForDeploymentPostprocessing = 0;
		};
/* End PBXResourcesBuildPhase section */

/* Begin PBXSourcesBuildPhase section */
		3C237CFF28BF986300413E4F /* Sources */ = {
			isa = PBXSourcesBuildPhase;
			buildActionMask = 2147483647;
			files = (
				3C237D0928BF986300413E4F /* HomeView.swift in Sources */,
				3CD22AF528C3876400C0FA6F /* Helpers.swift in Sources */,
				3C5EC75928C4FD7800F9198B /* ContentView.swift in Sources */,
				3CD22AF228C37FEE00C0FA6F /* HomeViewRow.swift in Sources */,
				3C4057C528C77EF800A687D9 /* ContentDetailView.swift in Sources */,
				3C4057CB28C7AD6900A687D9 /* Constants.swift in Sources */,
				3C237D0728BF986300413E4F /* MyLearningApp.swift in Sources */,
				3C5EC75B28C52F3A00F9198B /* ContentViewRow.swift in Sources */,
				3C237D1A28BF9A5200413E4F /* ContentModel.swift in Sources */,
				3CF34F6528C1292400BDF446 /* Models.swift in Sources */,
			);
			runOnlyForDeploymentPostprocessing = 0;
		};
/* End PBXSourcesBuildPhase section */

/* Begin XCBuildConfiguration section */
		3C237D0F28BF986400413E4F /* Debug */ = {
			isa = XCBuildConfiguration;
			buildSettings = {
				ALWAYS_SEARCH_USER_PATHS = NO;
				CLANG_ANALYZER_NONNULL = YES;
				CLANG_ANALYZER_NUMBER_OBJECT_CONVERSION = YES_AGGRESSIVE;
				CLANG_CXX_LANGUAGE_STANDARD = "gnu++17";
				CLANG_ENABLE_MODULES = YES;
				CLANG_ENABLE_OBJC_ARC = YES;
				CLANG_ENABLE_OBJC_WEAK = YES;
				CLANG_WARN_BLOCK_CAPTURE_AUTORELEASING = YES;
				CLANG_WARN_BOOL_CONVERSION = YES;
				CLANG_WARN_COMMA = YES;
				CLANG_WARN_CONSTANT_CONVERSION = YES;
				CLANG_WARN_DEPRECATED_OBJC_IMPLEMENTATIONS = YES;
				CLANG_WARN_DIRECT_OBJC_ISA_USAGE = YES_ERROR;
				CLANG_WARN_DOCUMENTATION_COMMENTS = YES;
				CLANG_WARN_EMPTY_BODY = YES;
				CLANG_WARN_ENUM_CONVERSION = YES;
				CLANG_WARN_INFINITE_RECURSION = YES;
				CLANG_WARN_INT_CONVERSION = YES;
				CLANG_WARN_NON_LITERAL_NULL_CONVERSION = YES;
				CLANG_WARN_OBJC_IMPLICIT_RETAIN_SELF = YES;
				CLANG_WARN_OBJC_LITERAL_CONVERSION = YES;
				CLANG_WARN_OBJC_ROOT_CLASS = YES_ERROR;
				CLANG_WARN_QUOTED_INCLUDE_IN_FRAMEWORK_HEADER = YES;
				CLANG_WARN_RANGE_LOOP_ANALYSIS = YES;
				CLANG_WARN_STRICT_PROTOTYPES = YES;
				CLANG_WARN_SUSPICIOUS_MOVE = YES;
				CLANG_WARN_UNGUARDED_AVAILABILITY = YES_AGGRESSIVE;
				CLANG_WARN_UNREACHABLE_CODE = YES;
				CLANG_WARN__DUPLICATE_METHOD_MATCH = YES;
				COPY_PHASE_STRIP = NO;
				DEBUG_INFORMATION_FORMAT = dwarf;
				ENABLE_STRICT_OBJC_MSGSEND = YES;
				ENABLE_TESTABILITY = YES;
				GCC_C_LANGUAGE_STANDARD = gnu11;
				GCC_DYNAMIC_NO_PIC = NO;
				GCC_NO_COMMON_BLOCKS = YES;
				GCC_OPTIMIZATION_LEVEL = 0;
				GCC_PREPROCESSOR_DEFINITIONS = (
					"DEBUG=1",
					"$(inherited)",
				);
				GCC_WARN_64_TO_32_BIT_CONVERSION = YES;
				GCC_WARN_ABOUT_RETURN_TYPE = YES_ERROR;
				GCC_WARN_UNDECLARED_SELECTOR = YES;
				GCC_WARN_UNINITIALIZED_AUTOS = YES_AGGRESSIVE;
				GCC_WARN_UNUSED_FUNCTION = YES;
				GCC_WARN_UNUSED_VARIABLE = YES;
				IPHONEOS_DEPLOYMENT_TARGET = 15.4;
				MTL_ENABLE_DEBUG_INFO = INCLUDE_SOURCE;
				MTL_FAST_MATH = YES;
				ONLY_ACTIVE_ARCH = YES;
				SDKROOT = iphoneos;
				SWIFT_ACTIVE_COMPILATION_CONDITIONS = DEBUG;
				SWIFT_OPTIMIZATION_LEVEL = "-Onone";
			};
			name = Debug;
		};
		3C237D1028BF986400413E4F /* Release */ = {
			isa = XCBuildConfiguration;
			buildSettings = {
				ALWAYS_SEARCH_USER_PATHS = NO;
				CLANG_ANALYZER_NONNULL = YES;
				CLANG_ANALYZER_NUMBER_OBJECT_CONVERSION = YES_AGGRESSIVE;
				CLANG_CXX_LANGUAGE_STANDARD = "gnu++17";
				CLANG_ENABLE_MODULES = YES;
				CLANG_ENABLE_OBJC_ARC = YES;
				CLANG_ENABLE_OBJC_WEAK = YES;
				CLANG_WARN_BLOCK_CAPTURE_AUTORELEASING = YES;
				CLANG_WARN_BOOL_CONVERSION = YES;
				CLANG_WARN_COMMA = YES;
				CLANG_WARN_CONSTANT_CONVERSION = YES;
				CLANG_WARN_DEPRECATED_OBJC_IMPLEMENTATIONS = YES;
				CLANG_WARN_DIRECT_OBJC_ISA_USAGE = YES_ERROR;
				CLANG_WARN_DOCUMENTATION_COMMENTS = YES;
				CLANG_WARN_EMPTY_BODY = YES;
				CLANG_WARN_ENUM_CONVERSION = YES;
				CLANG_WARN_INFINITE_RECURSION = YES;
				CLANG_WARN_INT_CONVERSION = YES;
				CLANG_WARN_NON_LITERAL_NULL_CONVERSION = YES;
				CLANG_WARN_OBJC_IMPLICIT_RETAIN_SELF = YES;
				CLANG_WARN_OBJC_LITERAL_CONVERSION = YES;
				CLANG_WARN_OBJC_ROOT_CLASS = YES_ERROR;
				CLANG_WARN_QUOTED_INCLUDE_IN_FRAMEWORK_HEADER = YES;
				CLANG_WARN_RANGE_LOOP_ANALYSIS = YES;
				CLANG_WARN_STRICT_PROTOTYPES = YES;
				CLANG_WARN_SUSPICIOUS_MOVE = YES;
				CLANG_WARN_UNGUARDED_AVAILABILITY = YES_AGGRESSIVE;
				CLANG_WARN_UNREACHABLE_CODE = YES;
				CLANG_WARN__DUPLICATE_METHOD_MATCH = YES;
				COPY_PHASE_STRIP = NO;
				DEBUG_INFORMATION_FORMAT = "dwarf-with-dsym";
				ENABLE_NS_ASSERTIONS = NO;
				ENABLE_STRICT_OBJC_MSGSEND = YES;
				GCC_C_LANGUAGE_STANDARD = gnu11;
				GCC_NO_COMMON_BLOCKS = YES;
				GCC_WARN_64_TO_32_BIT_CONVERSION = YES;
				GCC_WARN_ABOUT_RETURN_TYPE = YES_ERROR;
				GCC_WARN_UNDECLARED_SELECTOR = YES;
				GCC_WARN_UNINITIALIZED_AUTOS = YES_AGGRESSIVE;
				GCC_WARN_UNUSED_FUNCTION = YES;
				GCC_WARN_UNUSED_VARIABLE = YES;
				IPHONEOS_DEPLOYMENT_TARGET = 15.4;
				MTL_ENABLE_DEBUG_INFO = NO;
				MTL_FAST_MATH = YES;
				SDKROOT = iphoneos;
				SWIFT_COMPILATION_MODE = wholemodule;
				SWIFT_OPTIMIZATION_LEVEL = "-O";
				VALIDATE_PRODUCT = YES;
			};
			name = Release;
		};
		3C237D1228BF986400413E4F /* Debug */ = {
			isa = XCBuildConfiguration;
			buildSettings = {
				ASSETCATALOG_COMPILER_APPICON_NAME = AppIcon;
				ASSETCATALOG_COMPILER_GLOBAL_ACCENT_COLOR_NAME = AccentColor;
				CODE_SIGN_STYLE = Automatic;
				CURRENT_PROJECT_VERSION = 1;
				DEVELOPMENT_ASSET_PATHS = "\"MyLearning App/Preview Content\"";
				DEVELOPMENT_TEAM = G26F4RAC36;
				ENABLE_PREVIEWS = YES;
				GENERATE_INFOPLIST_FILE = YES;
				INFOPLIST_FILE = "MyLearning-App-Info.plist";
				INFOPLIST_KEY_UIApplicationSceneManifest_Generation = YES;
				INFOPLIST_KEY_UIApplicationSupportsIndirectInputEvents = YES;
				INFOPLIST_KEY_UILaunchScreen_Generation = YES;
				INFOPLIST_KEY_UISupportedInterfaceOrientations_iPad = "UIInterfaceOrientationPortrait UIInterfaceOrientationPortraitUpsideDown UIInterfaceOrientationLandscapeLeft UIInterfaceOrientationLandscapeRight";
				INFOPLIST_KEY_UISupportedInterfaceOrientations_iPhone = "UIInterfaceOrientationPortrait UIInterfaceOrientationLandscapeLeft UIInterfaceOrientationLandscapeRight";
				LD_RUNPATH_SEARCH_PATHS = (
					"$(inherited)",
					"@executable_path/Frameworks",
				);
				MARKETING_VERSION = 1.0;
				PRODUCT_BUNDLE_IDENTIFIER = "com.rainbowrae.MyLearning-App";
				PRODUCT_NAME = "$(TARGET_NAME)";
				SWIFT_EMIT_LOC_STRINGS = YES;
				SWIFT_VERSION = 5.0;
				TARGETED_DEVICE_FAMILY = "1,2";
			};
			name = Debug;
		};
		3C237D1328BF986400413E4F /* Release */ = {
			isa = XCBuildConfiguration;
			buildSettings = {
				ASSETCATALOG_COMPILER_APPICON_NAME = AppIcon;
				ASSETCATALOG_COMPILER_GLOBAL_ACCENT_COLOR_NAME = AccentColor;
				CODE_SIGN_STYLE = Automatic;
				CURRENT_PROJECT_VERSION = 1;
				DEVELOPMENT_ASSET_PATHS = "\"MyLearning App/Preview Content\"";
				DEVELOPMENT_TEAM = G26F4RAC36;
				ENABLE_PREVIEWS = YES;
				GENERATE_INFOPLIST_FILE = YES;
				INFOPLIST_FILE = "MyLearning-App-Info.plist";
				INFOPLIST_KEY_UIApplicationSceneManifest_Generation = YES;
				INFOPLIST_KEY_UIApplicationSupportsIndirectInputEvents = YES;
				INFOPLIST_KEY_UILaunchScreen_Generation = YES;
				INFOPLIST_KEY_UISupportedInterfaceOrientations_iPad = "UIInterfaceOrientationPortrait UIInterfaceOrientationPortraitUpsideDown UIInterfaceOrientationLandscapeLeft UIInterfaceOrientationLandscapeRight";
				INFOPLIST_KEY_UISupportedInterfaceOrientations_iPhone = "UIInterfaceOrientationPortrait UIInterfaceOrientationLandscapeLeft UIInterfaceOrientationLandscapeRight";
				LD_RUNPATH_SEARCH_PATHS = (
					"$(inherited)",
					"@executable_path/Frameworks",
				);
				MARKETING_VERSION = 1.0;
				PRODUCT_BUNDLE_IDENTIFIER = "com.rainbowrae.MyLearning-App";
				PRODUCT_NAME = "$(TARGET_NAME)";
				SWIFT_EMIT_LOC_STRINGS = YES;
				SWIFT_VERSION = 5.0;
				TARGETED_DEVICE_FAMILY = "1,2";
			};
			name = Release;
		};
/* End XCBuildConfiguration section */

/* Begin XCConfigurationList section */
		3C237CFE28BF986300413E4F /* Build configuration list for PBXProject "MyLearning App" */ = {
			isa = XCConfigurationList;
			buildConfigurations = (
				3C237D0F28BF986400413E4F /* Debug */,
				3C237D1028BF986400413E4F /* Release */,
			);
			defaultConfigurationIsVisible = 0;
			defaultConfigurationName = Release;
		};
		3C237D1128BF986400413E4F /* Build configuration list for PBXNativeTarget "MyLearning App" */ = {
			isa = XCConfigurationList;
			buildConfigurations = (
				3C237D1228BF986400413E4F /* Debug */,
				3C237D1328BF986400413E4F /* Release */,
			);
			defaultConfigurationIsVisible = 0;
			defaultConfigurationName = Release;
		};
/* End XCConfigurationList section */
	};
	rootObject = 3C237CFB28BF986300413E4F /* Project object */;
}
